
Microsoft Visual Studio Solution File, Format Version 12.00
# Visual Studio 2012
Project("{FAE04EC0-301F-11D3-BF4B-00C04F79EFBC}") = "Pharmacy.iOS", "iOS\Pharmacy.iOS.csproj", "{D431AB17-9040-47D9-9978-AFB742E50CEF}"
EndProject
Project("{FAE04EC0-301F-11D3-BF4B-00C04F79EFBC}") = "Pharmacy.Droid.UITests", "Pharmacy.Droid.UITests\Pharmacy.Droid.UITests.csproj", "{04B97310-8697-4545-AA75-E36C7B446E96}"
EndProject
Project("{FAE04EC0-301F-11D3-BF4B-00C04F79EFBC}") = "Pharmacy.Droid", "Droid\Pharmacy.Droid.csproj", "{6BA93474-54F9-4640-B84C-6078D6D478D0}"
EndProject
Project("{D954291E-2A0B-460D-934E-DC6B0785DB48}") = "Pharmacy.Domain", "Pharmacy.Domain\Pharmacy.Domain.shproj", "{F17724E4-DA0F-45D5-A98B-D29318658CD3}"
EndProject
Global
	GlobalSection(SolutionConfigurationPlatforms) = preSolution
		Debug|Any CPU = Debug|Any CPU
		Release|Any CPU = Release|Any CPU
		Debug|iPhoneSimulator = Debug|iPhoneSimulator
		Release|iPhone = Release|iPhone
		Release|iPhoneSimulator = Release|iPhoneSimulator
		Debug|iPhone = Debug|iPhone
	EndGlobalSection
	GlobalSection(ProjectConfigurationPlatforms) = postSolution
		{D431AB17-9040-47D9-9978-AFB742E50CEF}.Debug|Any CPU.ActiveCfg = Debug|iPhoneSimulator
		{D431AB17-9040-47D9-9978-AFB742E50CEF}.Debug|Any CPU.Build.0 = Debug|iPhoneSimulator
		{D431AB17-9040-47D9-9978-AFB742E50CEF}.Release|Any CPU.ActiveCfg = Release|iPhone
		{D431AB17-9040-47D9-9978-AFB742E50CEF}.Release|Any CPU.Build.0 = Release|iPhone
		{D431AB17-9040-47D9-9978-AFB742E50CEF}.Debug|iPhoneSimulator.ActiveCfg = Debug|iPhoneSimulator
		{D431AB17-9040-47D9-9978-AFB742E50CEF}.Debug|iPhoneSimulator.Build.0 = Debug|iPhoneSimulator
		{D431AB17-9040-47D9-9978-AFB742E50CEF}.Release|iPhone.ActiveCfg = Release|iPhone
		{D431AB17-9040-47D9-9978-AFB742E50CEF}.Release|iPhone.Build.0 = Release|iPhone
		{D431AB17-9040-47D9-9978-AFB742E50CEF}.Release|iPhoneSimulator.ActiveCfg = Release|iPhoneSimulator
		{D431AB17-9040-47D9-9978-AFB742E50CEF}.Release|iPhoneSimulator.Build.0 = Release|iPhoneSimulator
		{D431AB17-9040-47D9-9978-AFB742E50CEF}.Debug|iPhone.ActiveCfg = Debug|iPhone
		{D431AB17-9040-47D9-9978-AFB742E50CEF}.Debug|iPhone.Build.0 = Debug|iPhone
		{04B97310-8697-4545-AA75-E36C7B446E96}.Debug|Any CPU.ActiveCfg = Debug|Any CPU
		{04B97310-8697-4545-AA75-E36C7B446E96}.Debug|Any CPU.Build.0 = Debug|Any CPU
		{04B97310-8697-4545-AA75-E36C7B446E96}.Release|Any CPU.ActiveCfg = Release|Any CPU
		{04B97310-8697-4545-AA75-E36C7B446E96}.Release|Any CPU.Build.0 = Release|Any CPU
		{04B97310-8697-4545-AA75-E36C7B446E96}.Debug|iPhoneSimulator.ActiveCfg = Debug|Any CPU
		{04B97310-8697-4545-AA75-E36C7B446E96}.Debug|iPhoneSimulator.Build.0 = Debug|Any CPU
		{04B97310-8697-4545-AA75-E36C7B446E96}.Release|iPhone.ActiveCfg = Release|Any CPU
		{04B97310-8697-4545-AA75-E36C7B446E96}.Release|iPhone.Build.0 = Release|Any CPU
		{04B97310-8697-4545-AA75-E36C7B446E96}.Release|iPhoneSimulator.ActiveCfg = Release|Any CPU
		{04B97310-8697-4545-AA75-E36C7B446E96}.Release|iPhoneSimulator.Build.0 = Release|Any CPU
		{04B97310-8697-4545-AA75-E36C7B446E96}.Debug|iPhone.ActiveCfg = Debug|Any CPU
		{04B97310-8697-4545-AA75-E36C7B446E96}.Debug|iPhone.Build.0 = Debug|Any CPU
		{6BA93474-54F9-4640-B84C-6078D6D478D0}.Debug|Any CPU.ActiveCfg = Debug|Any CPU
		{6BA93474-54F9-4640-B84C-6078D6D478D0}.Debug|Any CPU.Build.0 = Debug|Any CPU
		{6BA93474-54F9-4640-B84C-6078D6D478D0}.Release|Any CPU.ActiveCfg = Release|Any CPU
		{6BA93474-54F9-4640-B84C-6078D6D478D0}.Release|Any CPU.Build.0 = Release|Any CPU
		{6BA93474-54F9-4640-B84C-6078D6D478D0}.Debug|iPhoneSimulator.ActiveCfg = Debug|Any CPU
		{6BA93474-54F9-4640-B84C-6078D6D478D0}.Debug|iPhoneSimulator.Build.0 = Debug|Any CPU
		{6BA93474-54F9-4640-B84C-6078D6D478D0}.Release|iPhone.ActiveCfg = Release|Any CPU
		{6BA93474-54F9-4640-B84C-6078D6D478D0}.Release|iPhone.Build.0 = Release|Any CPU
		{6BA93474-54F9-4640-B84C-6078D6D478D0}.Release|iPhoneSimulator.ActiveCfg = Release|Any CPU
		{6BA93474-54F9-4640-B84C-6078D6D478D0}.Release|iPhoneSimulator.Build.0 = Release|Any CPU
		{6BA93474-54F9-4640-B84C-6078D6D478D0}.Debug|iPhone.ActiveCfg = Debug|Any CPU
		{6BA93474-54F9-4640-B84C-6078D6D478D0}.Debug|iPhone.Build.0 = Debug|Any CPU
	EndGlobalSection
	GlobalSection(NestedProjects) = preSolution
	EndGlobalSection
EndGlobal
